
Microsoft Visual Studio Solution File, Format Version 12.00
# Visual Studio Version 16
VisualStudioVersion = 16.0.30717.126
MinimumVisualStudioVersion = 10.0.40219.1
Project("{FAE04EC0-301F-11D3-BF4B-00C04F79EFBC}") = "WebAPI", "WebAPI.csproj", "{237762F7-6E9C-440D-A450-45908008D20F}"
EndProject
Global
	GlobalSection(SolutionConfigurationPlatforms) = preSolution
		Debug|Any CPU = Debug|Any CPU
		Release|Any CPU = Release|Any CPU
	EndGlobalSection
	GlobalSection(ProjectConfigurationPlatforms) = postSolution
		{237762F7-6E9C-440D-A450-45908008D20F}.Debug|Any CPU.ActiveCfg = Debug|Any CPU
		{237762F7-6E9C-440D-A450-45908008D20F}.Debug|Any CPU.Build.0 = Debug|Any CPU
		{237762F7-6E9C-440D-A450-45908008D20F}.Release|Any CPU.ActiveCfg = Release|Any CPU
		{237762F7-6E9C-440D-A450-45908008D20F}.Release|Any CPU.Build.0 = Release|Any CPU
	EndGlobalSection
	GlobalSection(SolutionProperties) = preSolution
		HideSolutionNode = FALSE
	EndGlobalSection
	GlobalSection(ExtensibilityGlobals) = postSolution
		SolutionGuid = {54C86A36-BA45-4206-9327-1685E832B42C}
	EndGlobalSection
EndGlobal
